<?xml version="1.0" encoding="utf-8"?>
<Project ToolsVersion="4.0" xmlns="http://schemas.microsoft.com/developer/msbuild/2003">
  <ItemGroup>
    <ClCompile Include="eedi3.cpp">
      <Filter>Source Files</Filter>
    </ClCompile>
    <ClCompile Include="Eedi3Sse.cpp">
      <Filter>Source Files</Filter>
    </ClCompile>
    <ClCompile Include="PlanarFrame.cpp">
      <Filter>Source Files</Filter>
    </ClCompile>
  </ItemGroup>
  <ItemGroup>
    <ClInclude Include="avs\alignment.h">
      <Filter>Header Files</Filter>
    </ClInclude>
    <ClInclude Include="avisynth.h">
      <Filter>Header Files</Filter>
    </ClInclude>
    <ClInclude Include="avs\capi.h">
      <Filter>Header Files</Filter>
    </ClInclude>
    <ClInclude Include="avs\config.h">
      <Filter>Header Files</Filter>
    </ClInclude>
    <ClInclude Include="avs\cpuid.h">
      <Filter>Header Files</Filter>
    </ClInclude>
    <ClInclude Include="eedi3.h">
      <Filter>Header Files</Filter>
    </ClInclude>
    <ClInclude Include="Eedi3Sse.h">
      <Filter>Header Files</Filter>
    </ClInclude>
    <ClInclude Include="avs\minmax.h">
      <Filter>Header Files</Filter>
    </ClInclude>
    <ClInclude Include="resource.h">
      <Filter>Header Files</Filter>
    </ClInclude>
    <ClInclude Include="avs\types.h">
      <Filter>Header Files</Filter>
    </ClInclude>
    <ClInclude Include="avs\win.h">
      <Filter>Header Files</Filter>
    </ClInclude>
    <ClInclude Include="internal.h">
      <Filter>Header Files</Filter>
    </ClInclude>
    <ClInclude Include="memcpy_amd.h">
      <Filter>Header Files</Filter>
    </ClInclude>
    <ClInclude Include="PlanarFrame.h">
      <Filter>Header Files</Filter>
    </ClInclude>
  </ItemGroup>
  <ItemGroup>
    <MASM Include="memcpy_amd_asm.asm">
      <Filter>Source Files</Filter>
    </MASM>
    <MASM Include="memcpy_amd_asm_x64.asm">
      <Filter>Source Files</Filter>
    </MASM>
    <MASM Include="PlanarFrame_asm.asm">
      <Filter>Source Files</Filter>
    </MASM>
    <MASM Include="PlanarFrame_asm_x64.asm">
      <Filter>Source Files</Filter>
    </MASM>
  </ItemGroup>
  <ItemGroup>
    <Filter Include="Header Files">
      <UniqueIdentifier>{41b43ad7-df64-4f10-b6b7-7c212e8f370b}</UniqueIdentifier>
      <Extensions>h;hpp;hxx;hm;inl;inc;xsd</Extensions>
    </Filter>
    <Filter Include="Source Files">
      <UniqueIdentifier>{0fe661e3-7d17-4dc2-92b6-bf22867976c8}</UniqueIdentifier>
      <Extensions>cpp;c;cxx;def;odl;idl;hpj;bat;asm;asmx</Extensions>
    </Filter>
    <Filter Include="Resource Files">
      <UniqueIdentifier>{4909926f-98dd-4fa4-81b9-421dec23bb5b}</UniqueIdentifier>
      <Extensions>rc;ico;cur;bmp;dlg;rc2;rct;bin;rgs;gif;jpg;jpeg;jpe;resx</Extensions>
    </Filter>
  </ItemGroup>
  <ItemGroup>
    <ResourceCompile Include="eedi3.rc">
      <Filter>Resource Files</Filter>
    </ResourceCompile>
  </ItemGroup>
</Project>